
Microsoft Visual Studio Solution File, Format Version 12.00
# Visual Studio 2013
VisualStudioVersion = 12.0.30723.0
MinimumVisualStudioVersion = 10.0.40219.1
Project("{FAE04EC0-301F-11D3-BF4B-00C04F79EFBC}") = "sb-admin.web", "sb-admin.web\sb-admin.web.csproj", "{9A53AD86-F83F-4992-99D1-33DAC7C4CBB5}"
EndProject
Project("{FAE04EC0-301F-11D3-BF4B-00C04F79EFBC}") = "sb-admin.web.Tests", "sb-admin.web.Tests\sb-admin.web.Tests.csproj", "{55DD1AB2-5CB3-43D0-A749-71327E7A6326}"
EndProject
Global
	GlobalSection(SolutionConfigurationPlatforms) = preSolution
		Debug|Any CPU = Debug|Any CPU
		Release|Any CPU = Release|Any CPU
	EndGlobalSection
	GlobalSection(ProjectConfigurationPlatforms) = postSolution
		{9A53AD86-F83F-4992-99D1-33DAC7C4CBB5}.Debug|Any CPU.ActiveCfg = Debug|Any CPU
		{9A53AD86-F83F-4992-99D1-33DAC7C4CBB5}.Debug|Any CPU.Build.0 = Debug|Any CPU
		{9A53AD86-F83F-4992-99D1-33DAC7C4CBB5}.Release|Any CPU.ActiveCfg = Release|Any CPU
		{9A53AD86-F83F-4992-99D1-33DAC7C4CBB5}.Release|Any CPU.Build.0 = Release|Any CPU
		{55DD1AB2-5CB3-43D0-A749-71327E7A6326}.Debug|Any CPU.ActiveCfg = Debug|Any CPU
		{55DD1AB2-5CB3-43D0-A749-71327E7A6326}.Debug|Any CPU.Build.0 = Debug|Any CPU
		{55DD1AB2-5CB3-43D0-A749-71327E7A6326}.Release|Any CPU.ActiveCfg = Release|Any CPU
		{55DD1AB2-5CB3-43D0-A749-71327E7A6326}.Release|Any CPU.Build.0 = Release|Any CPU
	EndGlobalSection
	GlobalSection(SolutionProperties) = preSolution
		HideSolutionNode = FALSE
	EndGlobalSection
EndGlobal
